
Microsoft Visual Studio Solution File, Format Version 12.00
# Visual Studio 15
VisualStudioVersion = 15.0.27703.2026
MinimumVisualStudioVersion = 10.0.40219.1
Project("{FAE04EC0-301F-11D3-BF4B-00C04F79EFBC}") = "Herencia", "Herencia\Herencia.csproj", "{127B0344-8CF0-48CD-AA89-3BC0A8DD3561}"
EndProject
Global
	GlobalSection(SolutionConfigurationPlatforms) = preSolution
		Debug|Any CPU = Debug|Any CPU
		Release|Any CPU = Release|Any CPU
	EndGlobalSection
	GlobalSection(ProjectConfigurationPlatforms) = postSolution
		{127B0344-8CF0-48CD-AA89-3BC0A8DD3561}.Debug|Any CPU.ActiveCfg = Debug|Any CPU
		{127B0344-8CF0-48CD-AA89-3BC0A8DD3561}.Debug|Any CPU.Build.0 = Debug|Any CPU
		{127B0344-8CF0-48CD-AA89-3BC0A8DD3561}.Release|Any CPU.ActiveCfg = Release|Any CPU
		{127B0344-8CF0-48CD-AA89-3BC0A8DD3561}.Release|Any CPU.Build.0 = Release|Any CPU
	EndGlobalSection
	GlobalSection(SolutionProperties) = preSolution
		HideSolutionNode = FALSE
	EndGlobalSection
	GlobalSection(ExtensibilityGlobals) = postSolution
		SolutionGuid = {A9D0A507-5071-49F6-885E-C31FF5BF1BFF}
	EndGlobalSection
EndGlobal
